
Microsoft Visual Studio Solution File, Format Version 12.00
# Visual Studio Version 16
VisualStudioVersion = 16.0.33423.256
MinimumVisualStudioVersion = 10.0.40219.1
Project("{FAE04EC0-301F-11D3-BF4B-00C04F79EFBC}") = "3_algorytm_m", "3_algorytm_m\3_algorytm_m.csproj", "{42FEF27E-397A-4F29-A0B6-EAC55B990839}"
EndProject
Global
	GlobalSection(SolutionConfigurationPlatforms) = preSolution
		Debug|Any CPU = Debug|Any CPU
		Release|Any CPU = Release|Any CPU
	EndGlobalSection
	GlobalSection(ProjectConfigurationPlatforms) = postSolution
		{42FEF27E-397A-4F29-A0B6-EAC55B990839}.Debug|Any CPU.ActiveCfg = Debug|Any CPU
		{42FEF27E-397A-4F29-A0B6-EAC55B990839}.Debug|Any CPU.Build.0 = Debug|Any CPU
		{42FEF27E-397A-4F29-A0B6-EAC55B990839}.Release|Any CPU.ActiveCfg = Release|Any CPU
		{42FEF27E-397A-4F29-A0B6-EAC55B990839}.Release|Any CPU.Build.0 = Release|Any CPU
	EndGlobalSection
	GlobalSection(SolutionProperties) = preSolution
		HideSolutionNode = FALSE
	EndGlobalSection
	GlobalSection(ExtensibilityGlobals) = postSolution
		SolutionGuid = {2ED22A42-3721-4932-BB7C-E180162AEE74}
	EndGlobalSection
EndGlobal
