
Microsoft Visual Studio Solution File, Format Version 12.00
# Visual Studio Version 16
VisualStudioVersion = 16.0.33423.256
MinimumVisualStudioVersion = 10.0.40219.1
Project("{FAE04EC0-301F-11D3-BF4B-00C04F79EFBC}") = "2_tablica_dwuwymiarowa_slimak", "2_tablica_dwuwymiarowa_slimak\2_tablica_dwuwymiarowa_slimak.csproj", "{92F85576-BEAF-4215-B99A-A1CE468BF789}"
EndProject
Global
	GlobalSection(SolutionConfigurationPlatforms) = preSolution
		Debug|Any CPU = Debug|Any CPU
		Release|Any CPU = Release|Any CPU
	EndGlobalSection
	GlobalSection(ProjectConfigurationPlatforms) = postSolution
		{92F85576-BEAF-4215-B99A-A1CE468BF789}.Debug|Any CPU.ActiveCfg = Debug|Any CPU
		{92F85576-BEAF-4215-B99A-A1CE468BF789}.Debug|Any CPU.Build.0 = Debug|Any CPU
		{92F85576-BEAF-4215-B99A-A1CE468BF789}.Release|Any CPU.ActiveCfg = Release|Any CPU
		{92F85576-BEAF-4215-B99A-A1CE468BF789}.Release|Any CPU.Build.0 = Release|Any CPU
	EndGlobalSection
	GlobalSection(SolutionProperties) = preSolution
		HideSolutionNode = FALSE
	EndGlobalSection
	GlobalSection(ExtensibilityGlobals) = postSolution
		SolutionGuid = {C26AFD92-85D8-4507-90D5-732E8D7837FB}
	EndGlobalSection
EndGlobal
