
Microsoft Visual Studio Solution File, Format Version 12.00
# Visual Studio Version 16
VisualStudioVersion = 16.0.33423.256
MinimumVisualStudioVersion = 10.0.40219.1
Project("{FAE04EC0-301F-11D3-BF4B-00C04F79EFBC}") = "6_czy_liczba_x_silnia_n", "6_czy_liczba_x_silnia_n\6_czy_liczba_x_silnia_n.csproj", "{113AE836-69C3-492A-9F8C-2D7C529AE74F}"
EndProject
Global
	GlobalSection(SolutionConfigurationPlatforms) = preSolution
		Debug|Any CPU = Debug|Any CPU
		Release|Any CPU = Release|Any CPU
	EndGlobalSection
	GlobalSection(ProjectConfigurationPlatforms) = postSolution
		{113AE836-69C3-492A-9F8C-2D7C529AE74F}.Debug|Any CPU.ActiveCfg = Debug|Any CPU
		{113AE836-69C3-492A-9F8C-2D7C529AE74F}.Debug|Any CPU.Build.0 = Debug|Any CPU
		{113AE836-69C3-492A-9F8C-2D7C529AE74F}.Release|Any CPU.ActiveCfg = Release|Any CPU
		{113AE836-69C3-492A-9F8C-2D7C529AE74F}.Release|Any CPU.Build.0 = Release|Any CPU
	EndGlobalSection
	GlobalSection(SolutionProperties) = preSolution
		HideSolutionNode = FALSE
	EndGlobalSection
	GlobalSection(ExtensibilityGlobals) = postSolution
		SolutionGuid = {6696856A-4FAE-4998-9C35-E3AC20F99C7F}
	EndGlobalSection
EndGlobal
