
Microsoft Visual Studio Solution File, Format Version 12.00
# Visual Studio Version 16
VisualStudioVersion = 16.0.33423.256
MinimumVisualStudioVersion = 10.0.40219.1
Project("{FAE04EC0-301F-11D3-BF4B-00C04F79EFBC}") = "7_obreb_kola", "7_obreb_kola\7_obreb_kola.csproj", "{C210F863-86DD-4D04-9354-D4FCC1ABE1BE}"
EndProject
Global
	GlobalSection(SolutionConfigurationPlatforms) = preSolution
		Debug|Any CPU = Debug|Any CPU
		Release|Any CPU = Release|Any CPU
	EndGlobalSection
	GlobalSection(ProjectConfigurationPlatforms) = postSolution
		{C210F863-86DD-4D04-9354-D4FCC1ABE1BE}.Debug|Any CPU.ActiveCfg = Debug|Any CPU
		{C210F863-86DD-4D04-9354-D4FCC1ABE1BE}.Debug|Any CPU.Build.0 = Debug|Any CPU
		{C210F863-86DD-4D04-9354-D4FCC1ABE1BE}.Release|Any CPU.ActiveCfg = Release|Any CPU
		{C210F863-86DD-4D04-9354-D4FCC1ABE1BE}.Release|Any CPU.Build.0 = Release|Any CPU
	EndGlobalSection
	GlobalSection(SolutionProperties) = preSolution
		HideSolutionNode = FALSE
	EndGlobalSection
	GlobalSection(ExtensibilityGlobals) = postSolution
		SolutionGuid = {E55D502F-4323-472E-9F15-45E388DDA30C}
	EndGlobalSection
EndGlobal
