
Microsoft Visual Studio Solution File, Format Version 12.00
# Visual Studio Version 16
VisualStudioVersion = 16.0.33423.256
MinimumVisualStudioVersion = 10.0.40219.1
Project("{FAE04EC0-301F-11D3-BF4B-00C04F79EFBC}") = "1_potegowanie", "1_potegowanie\1_potegowanie.csproj", "{5F61FD7B-B387-4B78-A9B4-4E3508E047DA}"
EndProject
Global
	GlobalSection(SolutionConfigurationPlatforms) = preSolution
		Debug|Any CPU = Debug|Any CPU
		Release|Any CPU = Release|Any CPU
	EndGlobalSection
	GlobalSection(ProjectConfigurationPlatforms) = postSolution
		{5F61FD7B-B387-4B78-A9B4-4E3508E047DA}.Debug|Any CPU.ActiveCfg = Debug|Any CPU
		{5F61FD7B-B387-4B78-A9B4-4E3508E047DA}.Debug|Any CPU.Build.0 = Debug|Any CPU
		{5F61FD7B-B387-4B78-A9B4-4E3508E047DA}.Release|Any CPU.ActiveCfg = Release|Any CPU
		{5F61FD7B-B387-4B78-A9B4-4E3508E047DA}.Release|Any CPU.Build.0 = Release|Any CPU
	EndGlobalSection
	GlobalSection(SolutionProperties) = preSolution
		HideSolutionNode = FALSE
	EndGlobalSection
	GlobalSection(ExtensibilityGlobals) = postSolution
		SolutionGuid = {463110B2-6BCF-4475-A1D5-1138347CD243}
	EndGlobalSection
EndGlobal
