
Microsoft Visual Studio Solution File, Format Version 12.00
# Visual Studio Version 16
VisualStudioVersion = 16.0.33423.256
MinimumVisualStudioVersion = 10.0.40219.1
Project("{FAE04EC0-301F-11D3-BF4B-00C04F79EFBC}") = "1_liczby_pierwsze", "1_liczby_pierwsze\1_liczby_pierwsze.csproj", "{78DDDE69-D56A-42B0-B5A8-9C10C9464255}"
EndProject
Global
	GlobalSection(SolutionConfigurationPlatforms) = preSolution
		Debug|Any CPU = Debug|Any CPU
		Release|Any CPU = Release|Any CPU
	EndGlobalSection
	GlobalSection(ProjectConfigurationPlatforms) = postSolution
		{78DDDE69-D56A-42B0-B5A8-9C10C9464255}.Debug|Any CPU.ActiveCfg = Debug|Any CPU
		{78DDDE69-D56A-42B0-B5A8-9C10C9464255}.Debug|Any CPU.Build.0 = Debug|Any CPU
		{78DDDE69-D56A-42B0-B5A8-9C10C9464255}.Release|Any CPU.ActiveCfg = Release|Any CPU
		{78DDDE69-D56A-42B0-B5A8-9C10C9464255}.Release|Any CPU.Build.0 = Release|Any CPU
	EndGlobalSection
	GlobalSection(SolutionProperties) = preSolution
		HideSolutionNode = FALSE
	EndGlobalSection
	GlobalSection(ExtensibilityGlobals) = postSolution
		SolutionGuid = {E3E5974E-3F42-4957-B1CA-524F58643AA7}
	EndGlobalSection
EndGlobal
